
Microsoft Visual Studio Solution File, Format Version 12.00
# Visual Studio 15
VisualStudioVersion = 15.0.28010.2026
MinimumVisualStudioVersion = 10.0.40219.1
Project("{FAE04EC0-301F-11D3-BF4B-00C04F79EFBC}") = "Fox", "Fox\Fox.csproj", "{CBED6C81-6E69-49E2-B911-4A7FA79377E6}"
EndProject
Global
	GlobalSection(SolutionConfigurationPlatforms) = preSolution
		Debug|Any CPU = Debug|Any CPU
		Release|Any CPU = Release|Any CPU
	EndGlobalSection
	GlobalSection(ProjectConfigurationPlatforms) = postSolution
		{CBED6C81-6E69-49E2-B911-4A7FA79377E6}.Debug|Any CPU.ActiveCfg = Debug|Any CPU
		{CBED6C81-6E69-49E2-B911-4A7FA79377E6}.Debug|Any CPU.Build.0 = Debug|Any CPU
		{CBED6C81-6E69-49E2-B911-4A7FA79377E6}.Release|Any CPU.ActiveCfg = Release|Any CPU
		{CBED6C81-6E69-49E2-B911-4A7FA79377E6}.Release|Any CPU.Build.0 = Release|Any CPU
	EndGlobalSection
	GlobalSection(SolutionProperties) = preSolution
		HideSolutionNode = FALSE
	EndGlobalSection
	GlobalSection(ExtensibilityGlobals) = postSolution
		SolutionGuid = {700447AE-9F6E-4E15-A1A2-23555647F842}
	EndGlobalSection
EndGlobal
